github.com/brianvoe/gofakeit/v5 v5.11.2 h1:Ny5Nsf4z2023ZvYP8ujW8p5B1t5sxhdFaQ/0IYXbeSA=
github.com/brianvoe/gofakeit/v5 v5.11.2/go.mod h1:/ZENnKqX+XrN8SORLe/fu5lZDIo1tuPncWuRD+eyhSI=
github.com/gorilla/websocket v1.5.3 h1:saDtZ6Pbx/0u+bgYQ3q96pZgCzfhKXGPqt7kZ72aNNg=
github.com/gorilla/websocket v1.5.3/go.mod h1:YR8l580nyteQvAITg2hZ9XVh4b55+EU/adAjf1fMHhE=
